version = 1
revision = 2
requires-python = ">=3.13, <4.0"

[manifest]
members = [
    "rav",
    "rav-e1c",
    "rav-e1c-ext",
    "rav-e1c-ext-meta",
]

[[package]]
name = "rav"
version = "0.1.0"
source = { editable = "." }

[[package]]
name = "rav-e1c"
version = "0.1.0"
source = { editable = "packages/e1c" }

[[package]]
name = "rav-e1c-ext"
version = "0.1.0"
source = { editable = "packages/e1c/packages/ext" }

[[package]]
name = "rav-e1c-ext-meta"
version = "0.1.0"
source = { editable = "packages/e1c/packages/ext/packages/meta" }
